{
  "name": "ajs1",
  "version": "1.0.0",
  "lockfileVersion": 3,
  "requires": true,
  "packages": {
    "": {
      "name": "ajs1",
      "version": "1.0.0",
      "license": "ISC",
      "dependencies": {
        "@maryaad/ajs": "^1.0.0"
      }
    },
    "node_modules/@maryaad/ajs": {
      "version": "1.0.0",
      "resolved": "https://npm.pkg.github.com/download/@maryaad/ajs/1.0.0/3461b8569c744dce2b6e15b7eccdd2e8d212692e",
      "integrity": "sha512-RGkchtiYvepJ6wjGmyOIwEABbAsgvn7wqsHgI/zR0aiWtIsHcdyEDDcgg/17qT6ckJ3jkwnzxhkKZpQn6EI+ug==",
      "license": "ISC"
    }
  }
}
